# This file is automatically @generated by Cargo.
# It is not intended for manual editing.
version = 4

[[package]]
name = "proj_031_variables"
version = "0.1.0"

[[package]]
name = "proj_032_data_types"
version = "0.1.0"

[[package]]
name = "proj_033_functions"
version = "0.1.0"

[[package]]
name = "proj_034_comments"
version = "0.1.0"

[[package]]
name = "proj_035_control_flow"
version = "0.1.0"
